
Microsoft Visual Studio Solution File, Format Version 12.00
# Visual Studio Version 17
VisualStudioVersion = 17.14.36623.8 d17.14
MinimumVisualStudioVersion = 10.0.40219.1
Project("{FAE04EC0-301F-11D3-BF4B-00C04F79EFBC}") = "Platform.Data", "Platform.Data\Platform.Data.csproj", "{F4F6A7D9-8A3D-407F-B38D-8172700F2B81}"
EndProject
Project("{FAE04EC0-301F-11D3-BF4B-00C04F79EFBC}") = "Platform.Api", "Platform.Api\Platform.Api.csproj", "{AB7E285D-1228-4114-9ACE-6E8B6C8D139A}"
EndProject
Global
	GlobalSection(SolutionConfigurationPlatforms) = preSolution
		Debug|Any CPU = Debug|Any CPU
		Release|Any CPU = Release|Any CPU
	EndGlobalSection
	GlobalSection(ProjectConfigurationPlatforms) = postSolution
		{F4F6A7D9-8A3D-407F-B38D-8172700F2B81}.Debug|Any CPU.ActiveCfg = Debug|Any CPU
		{F4F6A7D9-8A3D-407F-B38D-8172700F2B81}.Debug|Any CPU.Build.0 = Debug|Any CPU
		{F4F6A7D9-8A3D-407F-B38D-8172700F2B81}.Release|Any CPU.ActiveCfg = Release|Any CPU
		{F4F6A7D9-8A3D-407F-B38D-8172700F2B81}.Release|Any CPU.Build.0 = Release|Any CPU
		{AB7E285D-1228-4114-9ACE-6E8B6C8D139A}.Debug|Any CPU.ActiveCfg = Debug|Any CPU
		{AB7E285D-1228-4114-9ACE-6E8B6C8D139A}.Debug|Any CPU.Build.0 = Debug|Any CPU
		{AB7E285D-1228-4114-9ACE-6E8B6C8D139A}.Release|Any CPU.ActiveCfg = Release|Any CPU
		{AB7E285D-1228-4114-9ACE-6E8B6C8D139A}.Release|Any CPU.Build.0 = Release|Any CPU
	EndGlobalSection
	GlobalSection(SolutionProperties) = preSolution
		HideSolutionNode = FALSE
	EndGlobalSection
	GlobalSection(ExtensibilityGlobals) = postSolution
		SolutionGuid = {13FE220B-63D0-4E07-855A-986E9D371F25}
	EndGlobalSection
EndGlobal
